
Microsoft Visual Studio Solution File, Format Version 10.00
# Visual Studio 2008
Project("{8BC9CEB8-8B4A-11D0-8D11-00A0C91BC942}") = "Beer", "Beer\Beer.vcproj", "{4267E697-7FF7-4E8A-A843-4A6FEEF1CFCB}"
EndProject
Global
	GlobalSection(SolutionConfigurationPlatforms) = preSolution
		Debug|Win32 = Debug|Win32
		Release|Win32 = Release|Win32
	EndGlobalSection
	GlobalSection(ProjectConfigurationPlatforms) = postSolution
		{4267E697-7FF7-4E8A-A843-4A6FEEF1CFCB}.Debug|Win32.ActiveCfg = Debug|Win32
		{4267E697-7FF7-4E8A-A843-4A6FEEF1CFCB}.Debug|Win32.Build.0 = Debug|Win32
		{4267E697-7FF7-4E8A-A843-4A6FEEF1CFCB}.Release|Win32.ActiveCfg = Release|Win32
		{4267E697-7FF7-4E8A-A843-4A6FEEF1CFCB}.Release|Win32.Build.0 = Release|Win32
	EndGlobalSection
	GlobalSection(SolutionProperties) = preSolution
		HideSolutionNode = FALSE
	EndGlobalSection
EndGlobal
